
Microsoft Visual Studio Solution File, Format Version 12.00
# Visual Studio Version 17
VisualStudioVersion = 17.0.32126.317
MinimumVisualStudioVersion = 10.0.40219.1
Project("{FAE04EC0-301F-11D3-BF4B-00C04F79EFBC}") = "Assignment2", "Assignment2\Assignment2.csproj", "{22FB0AC7-F3D4-4335-97DB-697516EF0CC6}"
EndProject
Global
	GlobalSection(SolutionConfigurationPlatforms) = preSolution
		Debug|Any CPU = Debug|Any CPU
		Release|Any CPU = Release|Any CPU
	EndGlobalSection
	GlobalSection(ProjectConfigurationPlatforms) = postSolution
		{22FB0AC7-F3D4-4335-97DB-697516EF0CC6}.Debug|Any CPU.ActiveCfg = Debug|Any CPU
		{22FB0AC7-F3D4-4335-97DB-697516EF0CC6}.Debug|Any CPU.Build.0 = Debug|Any CPU
		{22FB0AC7-F3D4-4335-97DB-697516EF0CC6}.Release|Any CPU.ActiveCfg = Release|Any CPU
		{22FB0AC7-F3D4-4335-97DB-697516EF0CC6}.Release|Any CPU.Build.0 = Release|Any CPU
	EndGlobalSection
	GlobalSection(SolutionProperties) = preSolution
		HideSolutionNode = FALSE
	EndGlobalSection
	GlobalSection(ExtensibilityGlobals) = postSolution
		SolutionGuid = {C5AA74CA-BD9C-4267-AB67-13C4B50223EA}
	EndGlobalSection
EndGlobal
